// !$*UTF8*$!
{
	archiveVersion = 1;
	classes = {
	};
	objectVersion = 56;
	objects = {

/* Begin PBXBuildFile section */
		ED773F5629C1E54600A0849D /* AppDelegate.swift in Sources */ = {isa = PBXBuildFile; fileRef = ED773F5529C1E54600A0849D /* AppDelegate.swift */; };
		ED773F5829C1E54600A0849D /* SceneDelegate.swift in Sources */ = {isa = PBXBuildFile; fileRef = ED773F5729C1E54600A0849D /* SceneDelegate.swift */; };
		ED773F5A29C1E54600A0849D /* MainViewController.swift in Sources */ = {isa = PBXBuildFile; fileRef = ED773F5929C1E54600A0849D /* MainViewController.swift */; };
		ED773F5F29C1E54700A0849D /* Assets.xcassets in Resources */ = {isa = PBXBuildFile; fileRef = ED773F5E29C1E54700A0849D /* Assets.xcassets */; };
		ED773F6229C1E54700A0849D /* LaunchScreen.storyboard in Resources */ = {isa = PBXBuildFile; fileRef = ED773F6029C1E54700A0849D /* LaunchScreen.storyboard */; };
		ED773F6D29C1E54700A0849D /* SOLID_PracticeTests.swift in Sources */ = {isa = PBXBuildFile; fileRef = ED773F6C29C1E54700A0849D /* SOLID_PracticeTests.swift */; };
		ED773F8729C1E66400A0849D /* RxBlocking in Frameworks */ = {isa = PBXBuildFile; productRef = ED773F8629C1E66400A0849D /* RxBlocking */; };
		ED773F8929C1E66400A0849D /* RxCocoa in Frameworks */ = {isa = PBXBuildFile; productRef = ED773F8829C1E66400A0849D /* RxCocoa */; };
		ED773F8B29C1E66400A0849D /* RxRelay in Frameworks */ = {isa = PBXBuildFile; productRef = ED773F8A29C1E66400A0849D /* RxRelay */; };
		ED773F8D29C1E66400A0849D /* RxSwift in Frameworks */ = {isa = PBXBuildFile; productRef = ED773F8C29C1E66400A0849D /* RxSwift */; };
		ED773F9229C1E68100A0849D /* SnapKit in Frameworks */ = {isa = PBXBuildFile; productRef = ED773F9129C1E68100A0849D /* SnapKit */; };
		ED773F9B29C1ECE400A0849D /* Cell.swift in Sources */ = {isa = PBXBuildFile; fileRef = ED773F9A29C1ECE400A0849D /* Cell.swift */; };
		EDA29A7129C4CE940097ECD7 /* ProductListUseCaseTests.swift in Sources */ = {isa = PBXBuildFile; fileRef = EDA29A7029C4CE940097ECD7 /* ProductListUseCaseTests.swift */; };
		EDA29A7729C5402B0097ECD7 /* RxCocoa in Frameworks */ = {isa = PBXBuildFile; productRef = EDA29A7629C5402B0097ECD7 /* RxCocoa */; };
		EDA29A7929C541F50097ECD7 /* ProductListVIewModelTests.swift in Sources */ = {isa = PBXBuildFile; fileRef = EDA29A7829C541F50097ECD7 /* ProductListVIewModelTests.swift */; };
		EDD2A52729C2261A0001A3E6 /* EmojiViewController.swift in Sources */ = {isa = PBXBuildFile; fileRef = EDD2A52629C2261A0001A3E6 /* EmojiViewController.swift */; };
		EDD2A52929C2A6780001A3E6 /* UserDefaultsRepository.swift in Sources */ = {isa = PBXBuildFile; fileRef = EDD2A52829C2A6780001A3E6 /* UserDefaultsRepository.swift */; };
		EDD2A52B29C2A7BE0001A3E6 /* UserDefalutsService.swift in Sources */ = {isa = PBXBuildFile; fileRef = EDD2A52A29C2A7BE0001A3E6 /* UserDefalutsService.swift */; };
		EDD2A52D29C2AB200001A3E6 /* EmojiUseCase.swift in Sources */ = {isa = PBXBuildFile; fileRef = EDD2A52C29C2AB200001A3E6 /* EmojiUseCase.swift */; };
		EDD2A53129C2ABD10001A3E6 /* EmojiModel.swift in Sources */ = {isa = PBXBuildFile; fileRef = EDD2A53029C2ABD10001A3E6 /* EmojiModel.swift */; };
		EDD2A53329C2C8DB0001A3E6 /* EmojiViewModel.swift in Sources */ = {isa = PBXBuildFile; fileRef = EDD2A53229C2C8DB0001A3E6 /* EmojiViewModel.swift */; };
		EDD2A53729C303CE0001A3E6 /* CardUseCase.swift in Sources */ = {isa = PBXBuildFile; fileRef = EDD2A53629C303CE0001A3E6 /* CardUseCase.swift */; };
		EDD2A53929C304370001A3E6 /* HDUseCase.swift in Sources */ = {isa = PBXBuildFile; fileRef = EDD2A53829C304370001A3E6 /* HDUseCase.swift */; };
		EDD2A53B29C304970001A3E6 /* WRUseCase.swift in Sources */ = {isa = PBXBuildFile; fileRef = EDD2A53A29C304970001A3E6 /* WRUseCase.swift */; };
		EDD2A53D29C305710001A3E6 /* PointViewController.swift in Sources */ = {isa = PBXBuildFile; fileRef = EDD2A53C29C305710001A3E6 /* PointViewController.swift */; };
		EDD2A53F29C31CF70001A3E6 /* PointViewModel.swift in Sources */ = {isa = PBXBuildFile; fileRef = EDD2A53E29C31CF70001A3E6 /* PointViewModel.swift */; };
		EDD2A54629C374200001A3E6 /* Product.swift in Sources */ = {isa = PBXBuildFile; fileRef = EDD2A54529C374200001A3E6 /* Product.swift */; };
		EDD2A54829C375BA0001A3E6 /* ProductListUsecase.swift in Sources */ = {isa = PBXBuildFile; fileRef = EDD2A54729C375BA0001A3E6 /* ProductListUsecase.swift */; };
		EDD2A54A29C3775A0001A3E6 /* ProductListDIContainer.swift in Sources */ = {isa = PBXBuildFile; fileRef = EDD2A54929C3775A0001A3E6 /* ProductListDIContainer.swift */; };
		EDD2A54E29C37C410001A3E6 /* Application_NotFactory.swift in Sources */ = {isa = PBXBuildFile; fileRef = EDD2A54D29C37C410001A3E6 /* Application_NotFactory.swift */; };
		EDD2A55029C37C540001A3E6 /* ServiceConcrete_NotFactory.swift in Sources */ = {isa = PBXBuildFile; fileRef = EDD2A54F29C37C540001A3E6 /* ServiceConcrete_NotFactory.swift */; };
		EDD2A55429C386180001A3E6 /* ServiceFactory.swift in Sources */ = {isa = PBXBuildFile; fileRef = EDD2A55329C386180001A3E6 /* ServiceFactory.swift */; };
		EDD2A55629C3864A0001A3E6 /* Service.swift in Sources */ = {isa = PBXBuildFile; fileRef = EDD2A55529C3864A0001A3E6 /* Service.swift */; };
		EDD2A55829C386AA0001A3E6 /* ServiceConcrete_ApplyFactory.swift in Sources */ = {isa = PBXBuildFile; fileRef = EDD2A55729C386AA0001A3E6 /* ServiceConcrete_ApplyFactory.swift */; };
		EDD2A55A29C386F70001A3E6 /* ServiceConcreteImpl.swift in Sources */ = {isa = PBXBuildFile; fileRef = EDD2A55929C386F70001A3E6 /* ServiceConcreteImpl.swift */; };
		EDD2A55C29C3877B0001A3E6 /* Application_ApplyFactory.swift in Sources */ = {isa = PBXBuildFile; fileRef = EDD2A55B29C3877B0001A3E6 /* Application_ApplyFactory.swift */; };
		EDD2A55E29C38D2D0001A3E6 /* ProductListViewController.swift in Sources */ = {isa = PBXBuildFile; fileRef = EDD2A55D29C38D2D0001A3E6 /* ProductListViewController.swift */; };
		EDD2A56029C390800001A3E6 /* ProductListViewModel.swift in Sources */ = {isa = PBXBuildFile; fileRef = EDD2A55F29C390800001A3E6 /* ProductListViewModel.swift */; };
		EDD2A56229C3966C0001A3E6 /* ProductTableViewCell.swift in Sources */ = {isa = PBXBuildFile; fileRef = EDD2A56129C3966C0001A3E6 /* ProductTableViewCell.swift */; };
/* End PBXBuildFile section */

/* Begin PBXContainerItemProxy section */
		ED773F6929C1E54700A0849D /* PBXContainerItemProxy */ = {
			isa = PBXContainerItemProxy;
			containerPortal = ED773F4A29C1E54600A0849D /* Project object */;
			proxyType = 1;
			remoteGlobalIDString = ED773F5129C1E54600A0849D;
			remoteInfo = "SOLID-Practice";
		};
/* End PBXContainerItemProxy section */

/* Begin PBXFileReference section */
		ED773F5229C1E54600A0849D /* SOLID-Practice.app */ = {isa = PBXFileReference; explicitFileType = wrapper.application; includeInIndex = 0; path = "SOLID-Practice.app"; sourceTree = BUILT_PRODUCTS_DIR; };
		ED773F5529C1E54600A0849D /* AppDelegate.swift */ = {isa = PBXFileReference; lastKnownFileType = sourcecode.swift; path = AppDelegate.swift; sourceTree = "<group>"; };
		ED773F5729C1E54600A0849D /* SceneDelegate.swift */ = {isa = PBXFileReference; lastKnownFileType = sourcecode.swift; path = SceneDelegate.swift; sourceTree = "<group>"; };
		ED773F5929C1E54600A0849D /* MainViewController.swift */ = {isa = PBXFileReference; lastKnownFileType = sourcecode.swift; path = MainViewController.swift; sourceTree = "<group>"; };
		ED773F5E29C1E54700A0849D /* Assets.xcassets */ = {isa = PBXFileReference; lastKnownFileType = folder.assetcatalog; path = Assets.xcassets; sourceTree = "<group>"; };
		ED773F6129C1E54700A0849D /* Base */ = {isa = PBXFileReference; lastKnownFileType = file.storyboard; name = Base; path = Base.lproj/LaunchScreen.storyboard; sourceTree = "<group>"; };
		ED773F6329C1E54700A0849D /* Info.plist */ = {isa = PBXFileReference; lastKnownFileType = text.plist.xml; path = Info.plist; sourceTree = "<group>"; };
		ED773F6829C1E54700A0849D /* SOLID-PracticeTests.xctest */ = {isa = PBXFileReference; explicitFileType = wrapper.cfbundle; includeInIndex = 0; path = "SOLID-PracticeTests.xctest"; sourceTree = BUILT_PRODUCTS_DIR; };
		ED773F6C29C1E54700A0849D /* SOLID_PracticeTests.swift */ = {isa = PBXFileReference; lastKnownFileType = sourcecode.swift; path = SOLID_PracticeTests.swift; sourceTree = "<group>"; };
		ED773F9429C1E8D100A0849D /* XCTest.framework */ = {isa = PBXFileReference; lastKnownFileType = wrapper.framework; name = XCTest.framework; path = Platforms/iPhoneOS.platform/Developer/Library/Frameworks/XCTest.framework; sourceTree = DEVELOPER_DIR; };
		ED773F9A29C1ECE400A0849D /* Cell.swift */ = {isa = PBXFileReference; lastKnownFileType = sourcecode.swift; path = Cell.swift; sourceTree = "<group>"; };
		ED773FA129C1F3A300A0849D /* NotSRP.playground */ = {isa = PBXFileReference; lastKnownFileType = file.playground; path = NotSRP.playground; sourceTree = "<group>"; xcLanguageSpecificationIdentifier = xcode.lang.swift; };
		ED773FA229C2096000A0849D /* SRPwithFacade.playground */ = {isa = PBXFileReference; lastKnownFileType = file.playground; path = SRPwithFacade.playground; sourceTree = "<group>"; xcLanguageSpecificationIdentifier = xcode.lang.swift; };
		EDA29A7029C4CE940097ECD7 /* ProductListUseCaseTests.swift */ = {isa = PBXFileReference; lastKnownFileType = sourcecode.swift; path = ProductListUseCaseTests.swift; sourceTree = "<group>"; };
		EDA29A7829C541F50097ECD7 /* ProductListVIewModelTests.swift */ = {isa = PBXFileReference; lastKnownFileType = sourcecode.swift; path = ProductListVIewModelTests.swift; sourceTree = "<group>"; };
		EDD2A52629C2261A0001A3E6 /* EmojiViewController.swift */ = {isa = PBXFileReference; lastKnownFileType = sourcecode.swift; path = EmojiViewController.swift; sourceTree = "<group>"; };
		EDD2A52829C2A6780001A3E6 /* UserDefaultsRepository.swift */ = {isa = PBXFileReference; lastKnownFileType = sourcecode.swift; path = UserDefaultsRepository.swift; sourceTree = "<group>"; };
		EDD2A52A29C2A7BE0001A3E6 /* UserDefalutsService.swift */ = {isa = PBXFileReference; lastKnownFileType = sourcecode.swift; path = UserDefalutsService.swift; sourceTree = "<group>"; };
		EDD2A52C29C2AB200001A3E6 /* EmojiUseCase.swift */ = {isa = PBXFileReference; lastKnownFileType = sourcecode.swift; path = EmojiUseCase.swift; sourceTree = "<group>"; };
		EDD2A53029C2ABD10001A3E6 /* EmojiModel.swift */ = {isa = PBXFileReference; lastKnownFileType = sourcecode.swift; path = EmojiModel.swift; sourceTree = "<group>"; };
		EDD2A53229C2C8DB0001A3E6 /* EmojiViewModel.swift */ = {isa = PBXFileReference; lastKnownFileType = sourcecode.swift; path = EmojiViewModel.swift; sourceTree = "<group>"; };
		EDD2A53629C303CE0001A3E6 /* CardUseCase.swift */ = {isa = PBXFileReference; lastKnownFileType = sourcecode.swift; path = CardUseCase.swift; sourceTree = "<group>"; };
		EDD2A53829C304370001A3E6 /* HDUseCase.swift */ = {isa = PBXFileReference; lastKnownFileType = sourcecode.swift; path = HDUseCase.swift; sourceTree = "<group>"; };
		EDD2A53A29C304970001A3E6 /* WRUseCase.swift */ = {isa = PBXFileReference; lastKnownFileType = sourcecode.swift; path = WRUseCase.swift; sourceTree = "<group>"; };
		EDD2A53C29C305710001A3E6 /* PointViewController.swift */ = {isa = PBXFileReference; lastKnownFileType = sourcecode.swift; path = PointViewController.swift; sourceTree = "<group>"; };
		EDD2A53E29C31CF70001A3E6 /* PointViewModel.swift */ = {isa = PBXFileReference; lastKnownFileType = sourcecode.swift; path = PointViewModel.swift; sourceTree = "<group>"; };
		EDD2A54129C336210001A3E6 /* NotISP.playground */ = {isa = PBXFileReference; lastKnownFileType = file.playground; path = NotISP.playground; sourceTree = "<group>"; xcLanguageSpecificationIdentifier = xcode.lang.swift; };
		EDD2A54229C3471D0001A3E6 /* ISP.playground */ = {isa = PBXFileReference; lastKnownFileType = file.playground; path = ISP.playground; sourceTree = "<group>"; xcLanguageSpecificationIdentifier = xcode.lang.swift; };
		EDD2A54529C374200001A3E6 /* Product.swift */ = {isa = PBXFileReference; lastKnownFileType = sourcecode.swift; path = Product.swift; sourceTree = "<group>"; };
		EDD2A54729C375BA0001A3E6 /* ProductListUsecase.swift */ = {isa = PBXFileReference; lastKnownFileType = sourcecode.swift; path = ProductListUsecase.swift; sourceTree = "<group>"; };
		EDD2A54929C3775A0001A3E6 /* ProductListDIContainer.swift */ = {isa = PBXFileReference; lastKnownFileType = sourcecode.swift; path = ProductListDIContainer.swift; sourceTree = "<group>"; };
		EDD2A54D29C37C410001A3E6 /* Application_NotFactory.swift */ = {isa = PBXFileReference; lastKnownFileType = sourcecode.swift; path = Application_NotFactory.swift; sourceTree = "<group>"; };
		EDD2A54F29C37C540001A3E6 /* ServiceConcrete_NotFactory.swift */ = {isa = PBXFileReference; lastKnownFileType = sourcecode.swift; path = ServiceConcrete_NotFactory.swift; sourceTree = "<group>"; };
		EDD2A55329C386180001A3E6 /* ServiceFactory.swift */ = {isa = PBXFileReference; lastKnownFileType = sourcecode.swift; path = ServiceFactory.swift; sourceTree = "<group>"; };
		EDD2A55529C3864A0001A3E6 /* Service.swift */ = {isa = PBXFileReference; lastKnownFileType = sourcecode.swift; path = Service.swift; sourceTree = "<group>"; };
		EDD2A55729C386AA0001A3E6 /* ServiceConcrete_ApplyFactory.swift */ = {isa = PBXFileReference; lastKnownFileType = sourcecode.swift; path = ServiceConcrete_ApplyFactory.swift; sourceTree = "<group>"; };
		EDD2A55929C386F70001A3E6 /* ServiceConcreteImpl.swift */ = {isa = PBXFileReference; lastKnownFileType = sourcecode.swift; path = ServiceConcreteImpl.swift; sourceTree = "<group>"; };
		EDD2A55B29C3877B0001A3E6 /* Application_ApplyFactory.swift */ = {isa = PBXFileReference; lastKnownFileType = sourcecode.swift; path = Application_ApplyFactory.swift; sourceTree = "<group>"; };
		EDD2A55D29C38D2D0001A3E6 /* ProductListViewController.swift */ = {isa = PBXFileReference; lastKnownFileType = sourcecode.swift; path = ProductListViewController.swift; sourceTree = "<group>"; };
		EDD2A55F29C390800001A3E6 /* ProductListViewModel.swift */ = {isa = PBXFileReference; lastKnownFileType = sourcecode.swift; path = ProductListViewModel.swift; sourceTree = "<group>"; };
		EDD2A56129C3966C0001A3E6 /* ProductTableViewCell.swift */ = {isa = PBXFileReference; lastKnownFileType = sourcecode.swift; path = ProductTableViewCell.swift; sourceTree = "<group>"; };
/* End PBXFileReference section */

/* Begin PBXFrameworksBuildPhase section */
		ED773F4F29C1E54600A0849D /* Frameworks */ = {
			isa = PBXFrameworksBuildPhase;
			buildActionMask = 2147483647;
			files = (
				ED773F8B29C1E66400A0849D /* RxRelay in Frameworks */,
				ED773F8929C1E66400A0849D /* RxCocoa in Frameworks */,
				ED773F9229C1E68100A0849D /* SnapKit in Frameworks */,
				ED773F8D29C1E66400A0849D /* RxSwift in Frameworks */,
				ED773F8729C1E66400A0849D /* RxBlocking in Frameworks */,
			);
			runOnlyForDeploymentPostprocessing = 0;
		};
		ED773F6529C1E54700A0849D /* Frameworks */ = {
			isa = PBXFrameworksBuildPhase;
			buildActionMask = 2147483647;
			files = (
				EDA29A7729C5402B0097ECD7 /* RxCocoa in Frameworks */,
			);
			runOnlyForDeploymentPostprocessing = 0;
		};
/* End PBXFrameworksBuildPhase section */

/* Begin PBXGroup section */
		ED773F4929C1E54600A0849D = {
			isa = PBXGroup;
			children = (
				ED773F5429C1E54600A0849D /* SOLID-Practice */,
				ED773F6B29C1E54700A0849D /* SOLID-PracticeTests */,
				ED773F5329C1E54600A0849D /* Products */,
				ED773F9329C1E8D100A0849D /* Frameworks */,
			);
			sourceTree = "<group>";
		};
		ED773F5329C1E54600A0849D /* Products */ = {
			isa = PBXGroup;
			children = (
				ED773F5229C1E54600A0849D /* SOLID-Practice.app */,
				ED773F6829C1E54700A0849D /* SOLID-PracticeTests.xctest */,
			);
			name = Products;
			sourceTree = "<group>";
		};
		ED773F5429C1E54600A0849D /* SOLID-Practice */ = {
			isa = PBXGroup;
			children = (
				ED773F5529C1E54600A0849D /* AppDelegate.swift */,
				ED773F5729C1E54600A0849D /* SceneDelegate.swift */,
				ED773F9929C1ECC300A0849D /* MainView */,
				ED773F9F29C1F30D00A0849D /* SRP */,
				EDD2A52229C2257E0001A3E6 /* OCP */,
				EDD2A53529C303120001A3E6 /* LSP */,
				EDD2A54029C3360E0001A3E6 /* ISP */,
				EDD2A54329C374030001A3E6 /* DIP */,
				ED773FA029C1F31D00A0849D /* Resources */,
			);
			path = "SOLID-Practice";
			sourceTree = "<group>";
		};
		ED773F6B29C1E54700A0849D /* SOLID-PracticeTests */ = {
			isa = PBXGroup;
			children = (
				EDA29A6E29C4CE570097ECD7 /* UseCases */,
				EDA29A6F29C4CE6C0097ECD7 /* Presentation */,
				ED773F6C29C1E54700A0849D /* SOLID_PracticeTests.swift */,
			);
			path = "SOLID-PracticeTests";
			sourceTree = "<group>";
		};
		ED773F9329C1E8D100A0849D /* Frameworks */ = {
			isa = PBXGroup;
			children = (
				ED773F9429C1E8D100A0849D /* XCTest.framework */,
			);
			name = Frameworks;
			sourceTree = "<group>";
		};
		ED773F9929C1ECC300A0849D /* MainView */ = {
			isa = PBXGroup;
			children = (
				ED773F5929C1E54600A0849D /* MainViewController.swift */,
				ED773F9A29C1ECE400A0849D /* Cell.swift */,
			);
			path = MainView;
			sourceTree = "<group>";
		};
		ED773F9F29C1F30D00A0849D /* SRP */ = {
			isa = PBXGroup;
			children = (
				ED773FA129C1F3A300A0849D /* NotSRP.playground */,
				ED773FA229C2096000A0849D /* SRPwithFacade.playground */,
			);
			path = SRP;
			sourceTree = "<group>";
		};
		ED773FA029C1F31D00A0849D /* Resources */ = {
			isa = PBXGroup;
			children = (
				ED773F5E29C1E54700A0849D /* Assets.xcassets */,
				ED773F6029C1E54700A0849D /* LaunchScreen.storyboard */,
				ED773F6329C1E54700A0849D /* Info.plist */,
			);
			path = Resources;
			sourceTree = "<group>";
		};
		EDA29A6E29C4CE570097ECD7 /* UseCases */ = {
			isa = PBXGroup;
			children = (
				EDA29A7029C4CE940097ECD7 /* ProductListUseCaseTests.swift */,
			);
			path = UseCases;
			sourceTree = "<group>";
		};
		EDA29A6F29C4CE6C0097ECD7 /* Presentation */ = {
			isa = PBXGroup;
			children = (
				EDA29A7829C541F50097ECD7 /* ProductListVIewModelTests.swift */,
			);
			path = Presentation;
			sourceTree = "<group>";
		};
		EDD2A52229C2257E0001A3E6 /* OCP */ = {
			isa = PBXGroup;
			children = (
				EDD2A52329C225C10001A3E6 /* Service */,
				EDD2A52429C225C60001A3E6 /* Repository */,
				EDD2A52629C2261A0001A3E6 /* EmojiViewController.swift */,
				EDD2A53229C2C8DB0001A3E6 /* EmojiViewModel.swift */,
				EDD2A52C29C2AB200001A3E6 /* EmojiUseCase.swift */,
				EDD2A53029C2ABD10001A3E6 /* EmojiModel.swift */,
			);
			path = OCP;
			sourceTree = "<group>";
		};
		EDD2A52329C225C10001A3E6 /* Service */ = {
			isa = PBXGroup;
			children = (
				EDD2A52A29C2A7BE0001A3E6 /* UserDefalutsService.swift */,
			);
			path = Service;
			sourceTree = "<group>";
		};
		EDD2A52429C225C60001A3E6 /* Repository */ = {
			isa = PBXGroup;
			children = (
				EDD2A52829C2A6780001A3E6 /* UserDefaultsRepository.swift */,
			);
			path = Repository;
			sourceTree = "<group>";
		};
		EDD2A53529C303120001A3E6 /* LSP */ = {
			isa = PBXGroup;
			children = (
				EDD2A53629C303CE0001A3E6 /* CardUseCase.swift */,
				EDD2A53829C304370001A3E6 /* HDUseCase.swift */,
				EDD2A53A29C304970001A3E6 /* WRUseCase.swift */,
				EDD2A53C29C305710001A3E6 /* PointViewController.swift */,
				EDD2A53E29C31CF70001A3E6 /* PointViewModel.swift */,
			);
			path = LSP;
			sourceTree = "<group>";
		};
		EDD2A54029C3360E0001A3E6 /* ISP */ = {
			isa = PBXGroup;
			children = (
				EDD2A54129C336210001A3E6 /* NotISP.playground */,
				EDD2A54229C3471D0001A3E6 /* ISP.playground */,
			);
			path = ISP;
			sourceTree = "<group>";
		};
		EDD2A54329C374030001A3E6 /* DIP */ = {
			isa = PBXGroup;
			children = (
				EDD2A54B29C37AC70001A3E6 /* Factory */,
				EDD2A54429C374110001A3E6 /* ProductList */,
			);
			path = DIP;
			sourceTree = "<group>";
		};
		EDD2A54429C374110001A3E6 /* ProductList */ = {
			isa = PBXGroup;
			children = (
				EDD2A54529C374200001A3E6 /* Product.swift */,
				EDD2A54729C375BA0001A3E6 /* ProductListUsecase.swift */,
				EDD2A54929C3775A0001A3E6 /* ProductListDIContainer.swift */,
				EDD2A55D29C38D2D0001A3E6 /* ProductListViewController.swift */,
				EDD2A55F29C390800001A3E6 /* ProductListViewModel.swift */,
				EDD2A56129C3966C0001A3E6 /* ProductTableViewCell.swift */,
			);
			path = ProductList;
			sourceTree = "<group>";
		};
		EDD2A54B29C37AC70001A3E6 /* Factory */ = {
			isa = PBXGroup;
			children = (
				EDD2A55129C385C40001A3E6 /* NotFactory */,
				EDD2A55229C385CC0001A3E6 /* ApplyFactory */,
			);
			path = Factory;
			sourceTree = "<group>";
		};
		EDD2A55129C385C40001A3E6 /* NotFactory */ = {
			isa = PBXGroup;
			children = (
				EDD2A54D29C37C410001A3E6 /* Application_NotFactory.swift */,
				EDD2A54F29C37C540001A3E6 /* ServiceConcrete_NotFactory.swift */,
			);
			path = NotFactory;
			sourceTree = "<group>";
		};
		EDD2A55229C385CC0001A3E6 /* ApplyFactory */ = {
			isa = PBXGroup;
			children = (
				EDD2A55B29C3877B0001A3E6 /* Application_ApplyFactory.swift */,
				EDD2A55529C3864A0001A3E6 /* Service.swift */,
				EDD2A55929C386F70001A3E6 /* ServiceConcreteImpl.swift */,
				EDD2A55329C386180001A3E6 /* ServiceFactory.swift */,
				EDD2A55729C386AA0001A3E6 /* ServiceConcrete_ApplyFactory.swift */,
			);
			path = ApplyFactory;
			sourceTree = "<group>";
		};
/* End PBXGroup section */

/* Begin PBXNativeTarget section */
		ED773F5129C1E54600A0849D /* SOLID-Practice */ = {
			isa = PBXNativeTarget;
			buildConfigurationList = ED773F7C29C1E54700A0849D /* Build configuration list for PBXNativeTarget "SOLID-Practice" */;
			buildPhases = (
				ED773F4E29C1E54600A0849D /* Sources */,
				ED773F4F29C1E54600A0849D /* Frameworks */,
				ED773F5029C1E54600A0849D /* Resources */,
			);
			buildRules = (
			);
			dependencies = (
			);
			name = "SOLID-Practice";
			packageProductDependencies = (
				ED773F8629C1E66400A0849D /* RxBlocking */,
				ED773F8829C1E66400A0849D /* RxCocoa */,
				ED773F8A29C1E66400A0849D /* RxRelay */,
				ED773F8C29C1E66400A0849D /* RxSwift */,
				ED773F9129C1E68100A0849D /* SnapKit */,
			);
			productName = "SOLID-Practice";
			productReference = ED773F5229C1E54600A0849D /* SOLID-Practice.app */;
			productType = "com.apple.product-type.application";
		};
		ED773F6729C1E54700A0849D /* SOLID-PracticeTests */ = {
			isa = PBXNativeTarget;
			buildConfigurationList = ED773F7F29C1E54700A0849D /* Build configuration list for PBXNativeTarget "SOLID-PracticeTests" */;
			buildPhases = (
				ED773F6429C1E54700A0849D /* Sources */,
				ED773F6529C1E54700A0849D /* Frameworks */,
				ED773F6629C1E54700A0849D /* Resources */,
			);
			buildRules = (
			);
			dependencies = (
				ED773F6A29C1E54700A0849D /* PBXTargetDependency */,
			);
			name = "SOLID-PracticeTests";
			packageProductDependencies = (
				EDA29A7629C5402B0097ECD7 /* RxCocoa */,
			);
			productName = "SOLID-PracticeTests";
			productReference = ED773F6829C1E54700A0849D /* SOLID-PracticeTests.xctest */;
			productType = "com.apple.product-type.bundle.unit-test";
		};
/* End PBXNativeTarget section */

/* Begin PBXProject section */
		ED773F4A29C1E54600A0849D /* Project object */ = {
			isa = PBXProject;
			attributes = {
				BuildIndependentTargetsInParallel = 1;
				LastSwiftUpdateCheck = 1420;
				LastUpgradeCheck = 1420;
				TargetAttributes = {
					ED773F5129C1E54600A0849D = {
						CreatedOnToolsVersion = 14.2;
					};
					ED773F6729C1E54700A0849D = {
						CreatedOnToolsVersion = 14.2;
						TestTargetID = ED773F5129C1E54600A0849D;
					};
				};
			};
			buildConfigurationList = ED773F4D29C1E54600A0849D /* Build configuration list for PBXProject "SOLID-Practice" */;
			compatibilityVersion = "Xcode 14.0";
			developmentRegion = en;
			hasScannedForEncodings = 0;
			knownRegions = (
				en,
				Base,
			);
			mainGroup = ED773F4929C1E54600A0849D;
			packageReferences = (
				ED773F8529C1E66400A0849D /* XCRemoteSwiftPackageReference "RxSwift" */,
				ED773F9029C1E68100A0849D /* XCRemoteSwiftPackageReference "SnapKit" */,
			);
			productRefGroup = ED773F5329C1E54600A0849D /* Products */;
			projectDirPath = "";
			projectRoot = "";
			targets = (
				ED773F5129C1E54600A0849D /* SOLID-Practice */,
				ED773F6729C1E54700A0849D /* SOLID-PracticeTests */,
			);
		};
/* End PBXProject section */

/* Begin PBXResourcesBuildPhase section */
		ED773F5029C1E54600A0849D /* Resources */ = {
			isa = PBXResourcesBuildPhase;
			buildActionMask = 2147483647;
			files = (
				ED773F6229C1E54700A0849D /* LaunchScreen.storyboard in Resources */,
				ED773F5F29C1E54700A0849D /* Assets.xcassets in Resources */,
			);
			runOnlyForDeploymentPostprocessing = 0;
		};
		ED773F6629C1E54700A0849D /* Resources */ = {
			isa = PBXResourcesBuildPhase;
			buildActionMask = 2147483647;
			files = (
			);
			runOnlyForDeploymentPostprocessing = 0;
		};
/* End PBXResourcesBuildPhase section */

/* Begin PBXSourcesBuildPhase section */
		ED773F4E29C1E54600A0849D /* Sources */ = {
			isa = PBXSourcesBuildPhase;
			buildActionMask = 2147483647;
			files = (
				EDD2A52929C2A6780001A3E6 /* UserDefaultsRepository.swift in Sources */,
				EDD2A54829C375BA0001A3E6 /* ProductListUsecase.swift in Sources */,
				EDD2A55029C37C540001A3E6 /* ServiceConcrete_NotFactory.swift in Sources */,
				ED773F5A29C1E54600A0849D /* MainViewController.swift in Sources */,
				EDD2A53929C304370001A3E6 /* HDUseCase.swift in Sources */,
				EDD2A55829C386AA0001A3E6 /* ServiceConcrete_ApplyFactory.swift in Sources */,
				EDD2A52D29C2AB200001A3E6 /* EmojiUseCase.swift in Sources */,
				EDD2A53329C2C8DB0001A3E6 /* EmojiViewModel.swift in Sources */,
				EDD2A53D29C305710001A3E6 /* PointViewController.swift in Sources */,
				EDD2A56229C3966C0001A3E6 /* ProductTableViewCell.swift in Sources */,
				EDD2A52729C2261A0001A3E6 /* EmojiViewController.swift in Sources */,
				EDD2A53B29C304970001A3E6 /* WRUseCase.swift in Sources */,
				EDD2A54E29C37C410001A3E6 /* Application_NotFactory.swift in Sources */,
				EDD2A55429C386180001A3E6 /* ServiceFactory.swift in Sources */,
				EDD2A52B29C2A7BE0001A3E6 /* UserDefalutsService.swift in Sources */,
				EDD2A56029C390800001A3E6 /* ProductListViewModel.swift in Sources */,
				EDD2A55E29C38D2D0001A3E6 /* ProductListViewController.swift in Sources */,
				EDD2A54629C374200001A3E6 /* Product.swift in Sources */,
				EDD2A53729C303CE0001A3E6 /* CardUseCase.swift in Sources */,
				EDD2A54A29C3775A0001A3E6 /* ProductListDIContainer.swift in Sources */,
				EDD2A53129C2ABD10001A3E6 /* EmojiModel.swift in Sources */,
				EDD2A55C29C3877B0001A3E6 /* Application_ApplyFactory.swift in Sources */,
				EDD2A55A29C386F70001A3E6 /* ServiceConcreteImpl.swift in Sources */,
				ED773F9B29C1ECE400A0849D /* Cell.swift in Sources */,
				EDD2A53F29C31CF70001A3E6 /* PointViewModel.swift in Sources */,
				EDD2A55629C3864A0001A3E6 /* Service.swift in Sources */,
				ED773F5629C1E54600A0849D /* AppDelegate.swift in Sources */,
				ED773F5829C1E54600A0849D /* SceneDelegate.swift in Sources */,
			);
			runOnlyForDeploymentPostprocessing = 0;
		};
		ED773F6429C1E54700A0849D /* Sources */ = {
			isa = PBXSourcesBuildPhase;
			buildActionMask = 2147483647;
			files = (
				ED773F6D29C1E54700A0849D /* SOLID_PracticeTests.swift in Sources */,
				EDA29A7929C541F50097ECD7 /* ProductListVIewModelTests.swift in Sources */,
				EDA29A7129C4CE940097ECD7 /* ProductListUseCaseTests.swift in Sources */,
			);
			runOnlyForDeploymentPostprocessing = 0;
		};
/* End PBXSourcesBuildPhase section */

/* Begin PBXTargetDependency section */
		ED773F6A29C1E54700A0849D /* PBXTargetDependency */ = {
			isa = PBXTargetDependency;
			target = ED773F5129C1E54600A0849D /* SOLID-Practice */;
			targetProxy = ED773F6929C1E54700A0849D /* PBXContainerItemProxy */;
		};
/* End PBXTargetDependency section */

/* Begin PBXVariantGroup section */
		ED773F6029C1E54700A0849D /* LaunchScreen.storyboard */ = {
			isa = PBXVariantGroup;
			children = (
				ED773F6129C1E54700A0849D /* Base */,
			);
			name = LaunchScreen.storyboard;
			sourceTree = "<group>";
		};
/* End PBXVariantGroup section */

/* Begin XCBuildConfiguration section */
		ED773F7A29C1E54700A0849D /* Debug */ = {
			isa = XCBuildConfiguration;
			buildSettings = {
				ALWAYS_SEARCH_USER_PATHS = NO;
				CLANG_ANALYZER_NONNULL = YES;
				CLANG_ANALYZER_NUMBER_OBJECT_CONVERSION = YES_AGGRESSIVE;
				CLANG_CXX_LANGUAGE_STANDARD = "gnu++20";
				CLANG_ENABLE_MODULES = YES;
				CLANG_ENABLE_OBJC_ARC = YES;
				CLANG_ENABLE_OBJC_WEAK = YES;
				CLANG_WARN_BLOCK_CAPTURE_AUTORELEASING = YES;
				CLANG_WARN_BOOL_CONVERSION = YES;
				CLANG_WARN_COMMA = YES;
				CLANG_WARN_CONSTANT_CONVERSION = YES;
				CLANG_WARN_DEPRECATED_OBJC_IMPLEMENTATIONS = YES;
				CLANG_WARN_DIRECT_OBJC_ISA_USAGE = YES_ERROR;
				CLANG_WARN_DOCUMENTATION_COMMENTS = YES;
				CLANG_WARN_EMPTY_BODY = YES;
				CLANG_WARN_ENUM_CONVERSION = YES;
				CLANG_WARN_INFINITE_RECURSION = YES;
				CLANG_WARN_INT_CONVERSION = YES;
				CLANG_WARN_NON_LITERAL_NULL_CONVERSION = YES;
				CLANG_WARN_OBJC_IMPLICIT_RETAIN_SELF = YES;
				CLANG_WARN_OBJC_LITERAL_CONVERSION = YES;
				CLANG_WARN_OBJC_ROOT_CLASS = YES_ERROR;
				CLANG_WARN_QUOTED_INCLUDE_IN_FRAMEWORK_HEADER = YES;
				CLANG_WARN_RANGE_LOOP_ANALYSIS = YES;
				CLANG_WARN_STRICT_PROTOTYPES = YES;
				CLANG_WARN_SUSPICIOUS_MOVE = YES;
				CLANG_WARN_UNGUARDED_AVAILABILITY = YES_AGGRESSIVE;
				CLANG_WARN_UNREACHABLE_CODE = YES;
				CLANG_WARN__DUPLICATE_METHOD_MATCH = YES;
				COPY_PHASE_STRIP = NO;
				DEBUG_INFORMATION_FORMAT = dwarf;
				ENABLE_STRICT_OBJC_MSGSEND = YES;
				ENABLE_TESTABILITY = YES;
				GCC_C_LANGUAGE_STANDARD = gnu11;
				GCC_DYNAMIC_NO_PIC = NO;
				GCC_NO_COMMON_BLOCKS = YES;
				GCC_OPTIMIZATION_LEVEL = 0;
				GCC_PREPROCESSOR_DEFINITIONS = (
					"DEBUG=1",
					"$(inherited)",
				);
				GCC_WARN_64_TO_32_BIT_CONVERSION = YES;
				GCC_WARN_ABOUT_RETURN_TYPE = YES_ERROR;
				GCC_WARN_UNDECLARED_SELECTOR = YES;
				GCC_WARN_UNINITIALIZED_AUTOS = YES_AGGRESSIVE;
				GCC_WARN_UNUSED_FUNCTION = YES;
				GCC_WARN_UNUSED_VARIABLE = YES;
				IPHONEOS_DEPLOYMENT_TARGET = 16.2;
				MTL_ENABLE_DEBUG_INFO = INCLUDE_SOURCE;
				MTL_FAST_MATH = YES;
				ONLY_ACTIVE_ARCH = YES;
				SDKROOT = iphoneos;
				SWIFT_ACTIVE_COMPILATION_CONDITIONS = DEBUG;
				SWIFT_OPTIMIZATION_LEVEL = "-Onone";
			};
			name = Debug;
		};
		ED773F7B29C1E54700A0849D /* Release */ = {
			isa = XCBuildConfiguration;
			buildSettings = {
				ALWAYS_SEARCH_USER_PATHS = NO;
				CLANG_ANALYZER_NONNULL = YES;
				CLANG_ANALYZER_NUMBER_OBJECT_CONVERSION = YES_AGGRESSIVE;
				CLANG_CXX_LANGUAGE_STANDARD = "gnu++20";
				CLANG_ENABLE_MODULES = YES;
				CLANG_ENABLE_OBJC_ARC = YES;
				CLANG_ENABLE_OBJC_WEAK = YES;
				CLANG_WARN_BLOCK_CAPTURE_AUTORELEASING = YES;
				CLANG_WARN_BOOL_CONVERSION = YES;
				CLANG_WARN_COMMA = YES;
				CLANG_WARN_CONSTANT_CONVERSION = YES;
				CLANG_WARN_DEPRECATED_OBJC_IMPLEMENTATIONS = YES;
				CLANG_WARN_DIRECT_OBJC_ISA_USAGE = YES_ERROR;
				CLANG_WARN_DOCUMENTATION_COMMENTS = YES;
				CLANG_WARN_EMPTY_BODY = YES;
				CLANG_WARN_ENUM_CONVERSION = YES;
				CLANG_WARN_INFINITE_RECURSION = YES;
				CLANG_WARN_INT_CONVERSION = YES;
				CLANG_WARN_NON_LITERAL_NULL_CONVERSION = YES;
				CLANG_WARN_OBJC_IMPLICIT_RETAIN_SELF = YES;
				CLANG_WARN_OBJC_LITERAL_CONVERSION = YES;
				CLANG_WARN_OBJC_ROOT_CLASS = YES_ERROR;
				CLANG_WARN_QUOTED_INCLUDE_IN_FRAMEWORK_HEADER = YES;
				CLANG_WARN_RANGE_LOOP_ANALYSIS = YES;
				CLANG_WARN_STRICT_PROTOTYPES = YES;
				CLANG_WARN_SUSPICIOUS_MOVE = YES;
				CLANG_WARN_UNGUARDED_AVAILABILITY = YES_AGGRESSIVE;
				CLANG_WARN_UNREACHABLE_CODE = YES;
				CLANG_WARN__DUPLICATE_METHOD_MATCH = YES;
				COPY_PHASE_STRIP = NO;
				DEBUG_INFORMATION_FORMAT = "dwarf-with-dsym";
				ENABLE_NS_ASSERTIONS = NO;
				ENABLE_STRICT_OBJC_MSGSEND = YES;
				GCC_C_LANGUAGE_STANDARD = gnu11;
				GCC_NO_COMMON_BLOCKS = YES;
				GCC_WARN_64_TO_32_BIT_CONVERSION = YES;
				GCC_WARN_ABOUT_RETURN_TYPE = YES_ERROR;
				GCC_WARN_UNDECLARED_SELECTOR = YES;
				GCC_WARN_UNINITIALIZED_AUTOS = YES_AGGRESSIVE;
				GCC_WARN_UNUSED_FUNCTION = YES;
				GCC_WARN_UNUSED_VARIABLE = YES;
				IPHONEOS_DEPLOYMENT_TARGET = 16.2;
				MTL_ENABLE_DEBUG_INFO = NO;
				MTL_FAST_MATH = YES;
				SDKROOT = iphoneos;
				SWIFT_COMPILATION_MODE = wholemodule;
				SWIFT_OPTIMIZATION_LEVEL = "-O";
				VALIDATE_PRODUCT = YES;
			};
			name = Release;
		};
		ED773F7D29C1E54700A0849D /* Debug */ = {
			isa = XCBuildConfiguration;
			buildSettings = {
				ASSETCATALOG_COMPILER_APPICON_NAME = AppIcon;
				ASSETCATALOG_COMPILER_GLOBAL_ACCENT_COLOR_NAME = AccentColor;
				CODE_SIGN_STYLE = Automatic;
				CURRENT_PROJECT_VERSION = 1;
				DEVELOPMENT_TEAM = 82J7RU93V4;
				GENERATE_INFOPLIST_FILE = YES;
				INFOPLIST_FILE = "SOLID-Practice/Resources/Info.plist";
				INFOPLIST_KEY_UIApplicationSupportsIndirectInputEvents = YES;
				INFOPLIST_KEY_UILaunchStoryboardName = LaunchScreen;
				INFOPLIST_KEY_UISupportedInterfaceOrientations_iPad = "UIInterfaceOrientationPortrait UIInterfaceOrientationPortraitUpsideDown UIInterfaceOrientationLandscapeLeft UIInterfaceOrientationLandscapeRight";
				INFOPLIST_KEY_UISupportedInterfaceOrientations_iPhone = "UIInterfaceOrientationPortrait UIInterfaceOrientationLandscapeLeft UIInterfaceOrientationLandscapeRight";
				LD_RUNPATH_SEARCH_PATHS = (
					"$(inherited)",
					"@executable_path/Frameworks",
				);
				MARKETING_VERSION = 1.0;
				PRODUCT_BUNDLE_IDENTIFIER = "com.JongHoon.SOLID-Practice";
				PRODUCT_NAME = "$(TARGET_NAME)";
				SWIFT_EMIT_LOC_STRINGS = YES;
				SWIFT_VERSION = 5.0;
				TARGETED_DEVICE_FAMILY = "1,2";
			};
			name = Debug;
		};
		ED773F7E29C1E54700A0849D /* Release */ = {
			isa = XCBuildConfiguration;
			buildSettings = {
				ASSETCATALOG_COMPILER_APPICON_NAME = AppIcon;
				ASSETCATALOG_COMPILER_GLOBAL_ACCENT_COLOR_NAME = AccentColor;
				CODE_SIGN_STYLE = Automatic;
				CURRENT_PROJECT_VERSION = 1;
				DEVELOPMENT_TEAM = 82J7RU93V4;
				GENERATE_INFOPLIST_FILE = YES;
				INFOPLIST_FILE = "SOLID-Practice/Resources/Info.plist";
				INFOPLIST_KEY_UIApplicationSupportsIndirectInputEvents = YES;
				INFOPLIST_KEY_UILaunchStoryboardName = LaunchScreen;
				INFOPLIST_KEY_UISupportedInterfaceOrientations_iPad = "UIInterfaceOrientationPortrait UIInterfaceOrientationPortraitUpsideDown UIInterfaceOrientationLandscapeLeft UIInterfaceOrientationLandscapeRight";
				INFOPLIST_KEY_UISupportedInterfaceOrientations_iPhone = "UIInterfaceOrientationPortrait UIInterfaceOrientationLandscapeLeft UIInterfaceOrientationLandscapeRight";
				LD_RUNPATH_SEARCH_PATHS = (
					"$(inherited)",
					"@executable_path/Frameworks",
				);
				MARKETING_VERSION = 1.0;
				PRODUCT_BUNDLE_IDENTIFIER = "com.JongHoon.SOLID-Practice";
				PRODUCT_NAME = "$(TARGET_NAME)";
				SWIFT_EMIT_LOC_STRINGS = YES;
				SWIFT_VERSION = 5.0;
				TARGETED_DEVICE_FAMILY = "1,2";
			};
			name = Release;
		};
		ED773F8029C1E54700A0849D /* Debug */ = {
			isa = XCBuildConfiguration;
			buildSettings = {
				ALWAYS_EMBED_SWIFT_STANDARD_LIBRARIES = YES;
				BUNDLE_LOADER = "$(TEST_HOST)";
				CODE_SIGN_STYLE = Automatic;
				CURRENT_PROJECT_VERSION = 1;
				DEVELOPMENT_TEAM = 82J7RU93V4;
				GENERATE_INFOPLIST_FILE = YES;
				IPHONEOS_DEPLOYMENT_TARGET = 16.2;
				MARKETING_VERSION = 1.0;
				PRODUCT_BUNDLE_IDENTIFIER = "com.JongHoon.SOLID-PracticeTests";
				PRODUCT_NAME = "$(TARGET_NAME)";
				SWIFT_EMIT_LOC_STRINGS = NO;
				SWIFT_VERSION = 5.0;
				TARGETED_DEVICE_FAMILY = "1,2";
				TEST_HOST = "$(BUILT_PRODUCTS_DIR)/SOLID-Practice.app/$(BUNDLE_EXECUTABLE_FOLDER_PATH)/SOLID-Practice";
			};
			name = Debug;
		};
		ED773F8129C1E54700A0849D /* Release */ = {
			isa = XCBuildConfiguration;
			buildSettings = {
				ALWAYS_EMBED_SWIFT_STANDARD_LIBRARIES = YES;
				BUNDLE_LOADER = "$(TEST_HOST)";
				CODE_SIGN_STYLE = Automatic;
				CURRENT_PROJECT_VERSION = 1;
				DEVELOPMENT_TEAM = 82J7RU93V4;
				GENERATE_INFOPLIST_FILE = YES;
				IPHONEOS_DEPLOYMENT_TARGET = 16.2;
				MARKETING_VERSION = 1.0;
				PRODUCT_BUNDLE_IDENTIFIER = "com.JongHoon.SOLID-PracticeTests";
				PRODUCT_NAME = "$(TARGET_NAME)";
				SWIFT_EMIT_LOC_STRINGS = NO;
				SWIFT_VERSION = 5.0;
				TARGETED_DEVICE_FAMILY = "1,2";
				TEST_HOST = "$(BUILT_PRODUCTS_DIR)/SOLID-Practice.app/$(BUNDLE_EXECUTABLE_FOLDER_PATH)/SOLID-Practice";
			};
			name = Release;
		};
/* End XCBuildConfiguration section */

/* Begin XCConfigurationList section */
		ED773F4D29C1E54600A0849D /* Build configuration list for PBXProject "SOLID-Practice" */ = {
			isa = XCConfigurationList;
			buildConfigurations = (
				ED773F7A29C1E54700A0849D /* Debug */,
				ED773F7B29C1E54700A0849D /* Release */,
			);
			defaultConfigurationIsVisible = 0;
			defaultConfigurationName = Release;
		};
		ED773F7C29C1E54700A0849D /* Build configuration list for PBXNativeTarget "SOLID-Practice" */ = {
			isa = XCConfigurationList;
			buildConfigurations = (
				ED773F7D29C1E54700A0849D /* Debug */,
				ED773F7E29C1E54700A0849D /* Release */,
			);
			defaultConfigurationIsVisible = 0;
			defaultConfigurationName = Release;
		};
		ED773F7F29C1E54700A0849D /* Build configuration list for PBXNativeTarget "SOLID-PracticeTests" */ = {
			isa = XCConfigurationList;
			buildConfigurations = (
				ED773F8029C1E54700A0849D /* Debug */,
				ED773F8129C1E54700A0849D /* Release */,
			);
			defaultConfigurationIsVisible = 0;
			defaultConfigurationName = Release;
		};
/* End XCConfigurationList section */

/* Begin XCRemoteSwiftPackageReference section */
		ED773F8529C1E66400A0849D /* XCRemoteSwiftPackageReference "RxSwift" */ = {
			isa = XCRemoteSwiftPackageReference;
			repositoryURL = "https://github.com/ReactiveX/RxSwift.git";
			requirement = {
				kind = exactVersion;
				version = 6.5.0;
			};
		};
		ED773F9029C1E68100A0849D /* XCRemoteSwiftPackageReference "SnapKit" */ = {
			isa = XCRemoteSwiftPackageReference;
			repositoryURL = "https://github.com/SnapKit/SnapKit.git";
			requirement = {
				kind = exactVersion;
				version = 5.6.0;
			};
		};
/* End XCRemoteSwiftPackageReference section */

/* Begin XCSwiftPackageProductDependency section */
		ED773F8629C1E66400A0849D /* RxBlocking */ = {
			isa = XCSwiftPackageProductDependency;
			package = ED773F8529C1E66400A0849D /* XCRemoteSwiftPackageReference "RxSwift" */;
			productName = RxBlocking;
		};
		ED773F8829C1E66400A0849D /* RxCocoa */ = {
			isa = XCSwiftPackageProductDependency;
			package = ED773F8529C1E66400A0849D /* XCRemoteSwiftPackageReference "RxSwift" */;
			productName = RxCocoa;
		};
		ED773F8A29C1E66400A0849D /* RxRelay */ = {
			isa = XCSwiftPackageProductDependency;
			package = ED773F8529C1E66400A0849D /* XCRemoteSwiftPackageReference "RxSwift" */;
			productName = RxRelay;
		};
		ED773F8C29C1E66400A0849D /* RxSwift */ = {
			isa = XCSwiftPackageProductDependency;
			package = ED773F8529C1E66400A0849D /* XCRemoteSwiftPackageReference "RxSwift" */;
			productName = RxSwift;
		};
		ED773F9129C1E68100A0849D /* SnapKit */ = {
			isa = XCSwiftPackageProductDependency;
			package = ED773F9029C1E68100A0849D /* XCRemoteSwiftPackageReference "SnapKit" */;
			productName = SnapKit;
		};
		EDA29A7629C5402B0097ECD7 /* RxCocoa */ = {
			isa = XCSwiftPackageProductDependency;
			package = ED773F8529C1E66400A0849D /* XCRemoteSwiftPackageReference "RxSwift" */;
			productName = RxCocoa;
		};
/* End XCSwiftPackageProductDependency section */
	};
	rootObject = ED773F4A29C1E54600A0849D /* Project object */;
}
